
Microsoft Visual Studio Solution File, Format Version 12.00
# Visual Studio Version 17
VisualStudioVersion = 17.4.33110.190
MinimumVisualStudioVersion = 10.0.40219.1
Project("{8BC9CEB8-8B4A-11D0-8D11-00A0C91BC942}") = "WinAPI", "WinAPI\WinAPI.vcxproj", "{060A7DFC-CA33-4178-9F56-2C71EF8081E0}"
EndProject
Project("{8BC9CEB8-8B4A-11D0-8D11-00A0C91BC942}") = "DialogBox", "DialogBox\DialogBox.vcxproj", "{47B305B3-09C2-4109-93CE-61585B57CA02}"
EndProject
Project("{8BC9CEB8-8B4A-11D0-8D11-00A0C91BC942}") = "ComboBox", "ComboBox\ComboBox.vcxproj", "{853F8EDF-3E80-4290-ADB1-7FACC2CCB918}"
EndProject
Global
	GlobalSection(SolutionConfigurationPlatforms) = preSolution
		Debug|x64 = Debug|x64
		Debug|x86 = Debug|x86
		Release|x64 = Release|x64
		Release|x86 = Release|x86
	EndGlobalSection
	GlobalSection(ProjectConfigurationPlatforms) = postSolution
		{060A7DFC-CA33-4178-9F56-2C71EF8081E0}.Debug|x64.ActiveCfg = Debug|x64
		{060A7DFC-CA33-4178-9F56-2C71EF8081E0}.Debug|x64.Build.0 = Debug|x64
		{060A7DFC-CA33-4178-9F56-2C71EF8081E0}.Debug|x86.ActiveCfg = Debug|Win32
		{060A7DFC-CA33-4178-9F56-2C71EF8081E0}.Debug|x86.Build.0 = Debug|Win32
		{060A7DFC-CA33-4178-9F56-2C71EF8081E0}.Release|x64.ActiveCfg = Release|x64
		{060A7DFC-CA33-4178-9F56-2C71EF8081E0}.Release|x64.Build.0 = Release|x64
		{060A7DFC-CA33-4178-9F56-2C71EF8081E0}.Release|x86.ActiveCfg = Release|Win32
		{060A7DFC-CA33-4178-9F56-2C71EF8081E0}.Release|x86.Build.0 = Release|Win32
		{47B305B3-09C2-4109-93CE-61585B57CA02}.Debug|x64.ActiveCfg = Debug|x64
		{47B305B3-09C2-4109-93CE-61585B57CA02}.Debug|x64.Build.0 = Debug|x64
		{47B305B3-09C2-4109-93CE-61585B57CA02}.Debug|x86.ActiveCfg = Debug|Win32
		{47B305B3-09C2-4109-93CE-61585B57CA02}.Debug|x86.Build.0 = Debug|Win32
		{47B305B3-09C2-4109-93CE-61585B57CA02}.Release|x64.ActiveCfg = Release|x64
		{47B305B3-09C2-4109-93CE-61585B57CA02}.Release|x64.Build.0 = Release|x64
		{47B305B3-09C2-4109-93CE-61585B57CA02}.Release|x86.ActiveCfg = Release|Win32
		{47B305B3-09C2-4109-93CE-61585B57CA02}.Release|x86.Build.0 = Release|Win32
		{853F8EDF-3E80-4290-ADB1-7FACC2CCB918}.Debug|x64.ActiveCfg = Debug|x64
		{853F8EDF-3E80-4290-ADB1-7FACC2CCB918}.Debug|x64.Build.0 = Debug|x64
		{853F8EDF-3E80-4290-ADB1-7FACC2CCB918}.Debug|x86.ActiveCfg = Debug|Win32
		{853F8EDF-3E80-4290-ADB1-7FACC2CCB918}.Debug|x86.Build.0 = Debug|Win32
		{853F8EDF-3E80-4290-ADB1-7FACC2CCB918}.Release|x64.ActiveCfg = Release|x64
		{853F8EDF-3E80-4290-ADB1-7FACC2CCB918}.Release|x64.Build.0 = Release|x64
		{853F8EDF-3E80-4290-ADB1-7FACC2CCB918}.Release|x86.ActiveCfg = Release|Win32
		{853F8EDF-3E80-4290-ADB1-7FACC2CCB918}.Release|x86.Build.0 = Release|Win32
	EndGlobalSection
	GlobalSection(SolutionProperties) = preSolution
		HideSolutionNode = FALSE
	EndGlobalSection
	GlobalSection(ExtensibilityGlobals) = postSolution
		SolutionGuid = {A919144B-AAA7-405D-872B-005788CE9398}
	EndGlobalSection
EndGlobal
